
Microsoft Visual Studio Solution File, Format Version 12.00
# Visual Studio Version 17
VisualStudioVersion = 17.9.34622.214
MinimumVisualStudioVersion = 10.0.40219.1
Project("{FAE04EC0-301F-11D3-BF4B-00C04F79EFBC}") = "WebDay2024", "WebDay2024\WebDay2024\WebDay2024.csproj", "{F653167A-980D-4F2E-9D71-EF537457C3C5}"
EndProject
Project("{FAE04EC0-301F-11D3-BF4B-00C04F79EFBC}") = "WebDay2024.Client", "WebDay2024\WebDay2024.Client\WebDay2024.Client.csproj", "{84CD8AEC-210E-4161-9839-AFAC3F8B03DB}"
EndProject
Global
	GlobalSection(SolutionConfigurationPlatforms) = preSolution
		Debug|Any CPU = Debug|Any CPU
		Release|Any CPU = Release|Any CPU
	EndGlobalSection
	GlobalSection(ProjectConfigurationPlatforms) = postSolution
		{F653167A-980D-4F2E-9D71-EF537457C3C5}.Debug|Any CPU.ActiveCfg = Debug|Any CPU
		{F653167A-980D-4F2E-9D71-EF537457C3C5}.Debug|Any CPU.Build.0 = Debug|Any CPU
		{F653167A-980D-4F2E-9D71-EF537457C3C5}.Release|Any CPU.ActiveCfg = Release|Any CPU
		{F653167A-980D-4F2E-9D71-EF537457C3C5}.Release|Any CPU.Build.0 = Release|Any CPU
		{84CD8AEC-210E-4161-9839-AFAC3F8B03DB}.Debug|Any CPU.ActiveCfg = Debug|Any CPU
		{84CD8AEC-210E-4161-9839-AFAC3F8B03DB}.Debug|Any CPU.Build.0 = Debug|Any CPU
		{84CD8AEC-210E-4161-9839-AFAC3F8B03DB}.Release|Any CPU.ActiveCfg = Release|Any CPU
		{84CD8AEC-210E-4161-9839-AFAC3F8B03DB}.Release|Any CPU.Build.0 = Release|Any CPU
	EndGlobalSection
	GlobalSection(SolutionProperties) = preSolution
		HideSolutionNode = FALSE
	EndGlobalSection
	GlobalSection(ExtensibilityGlobals) = postSolution
		SolutionGuid = {DF25B490-B4C5-4608-9068-E4ADDC84CA64}
	EndGlobalSection
EndGlobal
